{
  "version": 4,
  "terraform_version": "0.12.24",
  "serial": 24,
  "lineage": "d173295d-c0c9-a67a-0270-2ba344c6e522",
  "outputs": {},
  "resources": [
    {
      "mode": "managed",
      "type": "google_compute_firewall",
      "name": "allow-http",
      "provider": "provider.google",
      "instances": [
        {
          "schema_version": 1,
          "attributes": {
            "allow": [
              {
                "ports": [
                  "80"
                ],
                "protocol": "tcp"
              }
            ],
            "creation_timestamp": "2020-06-25T23:18:56.471-07:00",
            "deny": [],
            "description": "",
            "destination_ranges": [],
            "direction": "INGRESS",
            "disabled": false,
            "enable_logging": false,
            "id": "projects/strategic-guru-280413/global/firewalls/strategic-guru-280413-fw-allow-http",
            "name": "strategic-guru-280413-fw-allow-http",
            "network": "https://www.googleapis.com/compute/v1/projects/strategic-guru-280413/global/networks/strategic-guru-280413-vpc",
            "priority": 1000,
            "project": "strategic-guru-280413",
            "self_link": "https://www.googleapis.com/compute/v1/projects/strategic-guru-280413/global/firewalls/strategic-guru-280413-fw-allow-http",
            "source_ranges": [
              "0.0.0.0/0"
            ],
            "source_service_accounts": null,
            "source_tags": null,
            "target_service_accounts": null,
            "target_tags": [
              "http"
            ],
            "timeouts": null
          },
          "private": "eyJlMmJmYjczMC1lY2FhLTExZTYtOGY4OC0zNDM2M2JjN2M0YzAiOnsiY3JlYXRlIjoyNDAwMDAwMDAwMDAsImRlbGV0ZSI6MjQwMDAwMDAwMDAwLCJ1cGRhdGUiOjI0MDAwMDAwMDAwMH0sInNjaGVtYV92ZXJzaW9uIjoiMSJ9",
          "dependencies": [
            "google_compute_network.vpc"
          ]
        }
      ]
    },
    {
      "mode": "managed",
      "type": "google_compute_firewall",
      "name": "allow-internal",
      "provider": "provider.google",
      "instances": [
        {
          "schema_version": 1,
          "attributes": {
            "allow": [
              {
                "ports": [
                  "0-65535"
                ],
                "protocol": "tcp"
              },
              {
                "ports": [
                  "0-65535"
                ],
                "protocol": "udp"
              },
              {
                "ports": [],
                "protocol": "icmp"
              }
            ],
            "creation_timestamp": "2020-06-25T23:18:56.576-07:00",
            "deny": [],
            "description": "",
            "destination_ranges": [],
            "direction": "INGRESS",
            "disabled": false,
            "enable_logging": false,
            "id": "projects/strategic-guru-280413/global/firewalls/strategic-guru-280413-fw-allow-internal",
            "name": "strategic-guru-280413-fw-allow-internal",
            "network": "https://www.googleapis.com/compute/v1/projects/strategic-guru-280413/global/networks/strategic-guru-280413-vpc",
            "priority": 1000,
            "project": "strategic-guru-280413",
            "self_link": "https://www.googleapis.com/compute/v1/projects/strategic-guru-280413/global/firewalls/strategic-guru-280413-fw-allow-internal",
            "source_ranges": [
              "10.10.1.0/24"
            ],
            "source_service_accounts": null,
            "source_tags": null,
            "target_service_accounts": null,
            "target_tags": null,
            "timeouts": null
          },
          "private": "eyJlMmJmYjczMC1lY2FhLTExZTYtOGY4OC0zNDM2M2JjN2M0YzAiOnsiY3JlYXRlIjoyNDAwMDAwMDAwMDAsImRlbGV0ZSI6MjQwMDAwMDAwMDAwLCJ1cGRhdGUiOjI0MDAwMDAwMDAwMH0sInNjaGVtYV92ZXJzaW9uIjoiMSJ9",
          "dependencies": [
            "google_compute_network.vpc"
          ]
        }
      ]
    },
    {
      "mode": "managed",
      "type": "google_compute_firewall",
      "name": "allow-ssh",
      "provider": "provider.google",
      "instances": [
        {
          "schema_version": 1,
          "attributes": {
            "allow": [
              {
                "ports": [
                  "22"
                ],
                "protocol": "tcp"
              }
            ],
            "creation_timestamp": "2020-06-25T23:18:56.158-07:00",
            "deny": [],
            "description": "",
            "destination_ranges": [],
            "direction": "INGRESS",
            "disabled": false,
            "enable_logging": false,
            "id": "projects/strategic-guru-280413/global/firewalls/strategic-guru-280413-fw-allow-ssh",
            "name": "strategic-guru-280413-fw-allow-ssh",
            "network": "https://www.googleapis.com/compute/v1/projects/strategic-guru-280413/global/networks/strategic-guru-280413-vpc",
            "priority": 1000,
            "project": "strategic-guru-280413",
            "self_link": "https://www.googleapis.com/compute/v1/projects/strategic-guru-280413/global/firewalls/strategic-guru-280413-fw-allow-ssh",
            "source_ranges": [
              "0.0.0.0/0"
            ],
            "source_service_accounts": null,
            "source_tags": null,
            "target_service_accounts": null,
            "target_tags": [
              "ssh"
            ],
            "timeouts": null
          },
          "private": "eyJlMmJmYjczMC1lY2FhLTExZTYtOGY4OC0zNDM2M2JjN2M0YzAiOnsiY3JlYXRlIjoyNDAwMDAwMDAwMDAsImRlbGV0ZSI6MjQwMDAwMDAwMDAwLCJ1cGRhdGUiOjI0MDAwMDAwMDAwMH0sInNjaGVtYV92ZXJzaW9uIjoiMSJ9",
          "dependencies": [
            "google_compute_network.vpc"
          ]
        }
      ]
    },
    {
      "mode": "managed",
      "type": "google_compute_instance",
      "name": "vm_instance_backend",
      "provider": "provider.google",
      "instances": [
        {
          "schema_version": 6,
          "attributes": {
            "allow_stopping_for_update": null,
            "attached_disk": [],
            "boot_disk": [
              {
                "auto_delete": true,
                "device_name": "persistent-disk-0",
                "disk_encryption_key_raw": "",
                "disk_encryption_key_sha256": "",
                "initialize_params": [
                  {
                    "image": "https://www.googleapis.com/compute/v1/projects/debian-cloud/global/images/debian-9-stretch-v20200618",
                    "labels": {},
                    "size": 10,
                    "type": "pd-standard"
                  }
                ],
                "kms_key_self_link": "",
                "mode": "READ_WRITE",
                "source": "https://www.googleapis.com/compute/v1/projects/strategic-guru-280413/zones/us-central1-c/disks/strategic-guru-280413-auto-server-9ce66c68"
              }
            ],
            "can_ip_forward": false,
            "cpu_platform": "Intel Haswell",
            "current_status": "RUNNING",
            "deletion_protection": false,
            "description": "",
            "desired_status": null,
            "enable_display": false,
            "guest_accelerator": [],
            "hostname": "",
            "id": "projects/strategic-guru-280413/zones/us-central1-c/instances/strategic-guru-280413-auto-server-9ce66c68",
            "instance_id": "1385930573559115143",
            "label_fingerprint": "42WmSpB8rSM=",
            "labels": null,
            "machine_type": "f1-micro",
            "metadata": null,
            "metadata_fingerprint": "0e5SP_wGfXU=",
            "metadata_startup_script": "apt update; apt-get install git curl software-properties-common -y; git clone https://github.com/Pradeepv30/autoScripts.git; cd autoScripts; ./dockerInstall.sh",
            "min_cpu_platform": "",
            "name": "strategic-guru-280413-auto-server-9ce66c68",
            "network_interface": [
              {
                "access_config": [
                  {
                    "nat_ip": "34.66.248.224",
                    "network_tier": "PREMIUM",
                    "public_ptr_domain_name": ""
                  }
                ],
                "alias_ip_range": [],
                "name": "nic0",
                "network": "https://www.googleapis.com/compute/v1/projects/strategic-guru-280413/global/networks/strategic-guru-280413-vpc",
                "network_ip": "10.10.1.10",
                "subnetwork": "https://www.googleapis.com/compute/v1/projects/strategic-guru-280413/regions/us-central1/subnetworks/strategic-guru-280413-public-subnet-1",
                "subnetwork_project": "strategic-guru-280413"
              }
            ],
            "project": "strategic-guru-280413",
            "resource_policies": null,
            "scheduling": [
              {
                "automatic_restart": true,
                "node_affinities": [],
                "on_host_maintenance": "MIGRATE",
                "preemptible": false
              }
            ],
            "scratch_disk": [],
            "self_link": "https://www.googleapis.com/compute/v1/projects/strategic-guru-280413/zones/us-central1-c/instances/strategic-guru-280413-auto-server-9ce66c68",
            "service_account": [],
            "shielded_instance_config": [],
            "tags": [
              "http",
              "ssh"
            ],
            "tags_fingerprint": "7XLBdwIeS7E=",
            "timeouts": null,
            "zone": "us-central1-c"
          },
          "private": "eyJlMmJmYjczMC1lY2FhLTExZTYtOGY4OC0zNDM2M2JjN2M0YzAiOnsiY3JlYXRlIjoxMjAwMDAwMDAwMDAwLCJkZWxldGUiOjEyMDAwMDAwMDAwMDAsInVwZGF0ZSI6MTIwMDAwMDAwMDAwMH0sInNjaGVtYV92ZXJzaW9uIjoiNiJ9",
          "dependencies": [
            "google_compute_network.vpc",
            "google_compute_subnetwork.public_subnet_1",
            "random_id.instance_id"
          ]
        }
      ]
    },
    {
      "mode": "managed",
      "type": "google_compute_network",
      "name": "vpc",
      "provider": "provider.google",
      "instances": [
        {
          "schema_version": 0,
          "attributes": {
            "auto_create_subnetworks": false,
            "delete_default_routes_on_create": false,
            "description": "",
            "gateway_ipv4": "",
            "id": "projects/strategic-guru-280413/global/networks/strategic-guru-280413-vpc",
            "ipv4_range": null,
            "name": "strategic-guru-280413-vpc",
            "project": "strategic-guru-280413",
            "routing_mode": "GLOBAL",
            "self_link": "https://www.googleapis.com/compute/v1/projects/strategic-guru-280413/global/networks/strategic-guru-280413-vpc",
            "timeouts": null
          },
          "private": "eyJlMmJmYjczMC1lY2FhLTExZTYtOGY4OC0zNDM2M2JjN2M0YzAiOnsiY3JlYXRlIjoyNDAwMDAwMDAwMDAsImRlbGV0ZSI6MjQwMDAwMDAwMDAwLCJ1cGRhdGUiOjI0MDAwMDAwMDAwMH19"
        }
      ]
    },
    {
      "mode": "managed",
      "type": "google_compute_subnetwork",
      "name": "public_subnet_1",
      "provider": "provider.google",
      "instances": [
        {
          "schema_version": 0,
          "attributes": {
            "creation_timestamp": "2020-06-25T23:18:56.483-07:00",
            "description": "",
            "enable_flow_logs": null,
            "fingerprint": null,
            "gateway_address": "10.10.1.1",
            "id": "projects/strategic-guru-280413/regions/us-central1/subnetworks/strategic-guru-280413-public-subnet-1",
            "ip_cidr_range": "10.10.1.0/24",
            "log_config": [],
            "name": "strategic-guru-280413-public-subnet-1",
            "network": "https://www.googleapis.com/compute/v1/projects/strategic-guru-280413/global/networks/strategic-guru-280413-vpc",
            "private_ip_google_access": false,
            "project": "strategic-guru-280413",
            "region": "us-central1",
            "secondary_ip_range": [],
            "self_link": "https://www.googleapis.com/compute/v1/projects/strategic-guru-280413/regions/us-central1/subnetworks/strategic-guru-280413-public-subnet-1",
            "timeouts": null
          },
          "private": "eyJlMmJmYjczMC1lY2FhLTExZTYtOGY4OC0zNDM2M2JjN2M0YzAiOnsiY3JlYXRlIjozNjAwMDAwMDAwMDAsImRlbGV0ZSI6MzYwMDAwMDAwMDAwLCJ1cGRhdGUiOjM2MDAwMDAwMDAwMH19",
          "dependencies": [
            "google_compute_network.vpc"
          ]
        }
      ]
    },
    {
      "mode": "managed",
      "type": "random_id",
      "name": "instance_id",
      "provider": "provider.random",
      "instances": [
        {
          "schema_version": 0,
          "attributes": {
            "b64": "nOZsaA",
            "b64_std": "nOZsaA==",
            "b64_url": "nOZsaA",
            "byte_length": 4,
            "dec": "2632346728",
            "hex": "9ce66c68",
            "id": "nOZsaA",
            "keepers": null,
            "prefix": null
          },
          "private": "bnVsbA=="
        }
      ]
    }
  ]
}
